
Microsoft Visual Studio Solution File, Format Version 12.00
Project("{FAE04EC0-301F-11D3-BF4B-00C04F79EFBC}") = "ourMIPS App", "ourMIPS App\ourMIPSSharp_App.csproj", "{D508FF15-3738-4B89-A044-7A8C967DE9CE}"
EndProject
#Project("{FAE04EC0-301F-11D3-BF4B-00C04F79EFBC}") = "ourMIPS App Android", "ourMIPS App Android\ourMIPSSharp_App.Android.csproj", "{7DC9E5B1-9C72-42F7-A2EF-01250FE08D5A}"
#EndProject
Project("{FAE04EC0-301F-11D3-BF4B-00C04F79EFBC}") = "ourMIPS App Desktop", "ourMIPS App Desktop\ourMIPSSharp_App.Desktop.csproj", "{817BF165-E93D-4E26-8689-91D2EA2B680A}"
EndProject
#Project("{FAE04EC0-301F-11D3-BF4B-00C04F79EFBC}") = "ourMIPS App iOS", "ourMIPS App iOS\ourMIPSSharp_App.iOS.csproj", "{143946A8-75EB-4756-B269-3A9CA5417B7F}"
#EndProject
Project("{FAE04EC0-301F-11D3-BF4B-00C04F79EFBC}") = "ourMIPS App Web", "ourMIPS App Web\ourMIPSSharp_App.Web.csproj", "{B08CFC64-6603-410A-8140-081D9854E88B}"
EndProject
Project("{FAE04EC0-301F-11D3-BF4B-00C04F79EFBC}") = "ourMIPS CLI", "ourMIPS CLI\ourMIPSSharp_CLI.csproj", "{0B85E7C2-DD9F-4726-9A77-25CE9E9345BD}"
EndProject
Project("{FAE04EC0-301F-11D3-BF4B-00C04F79EFBC}") = "lib_ourMIPSSharp", "lib_ourMIPSSharp\lib_ourMIPSSharp.csproj", "{9ED2863C-344F-4CF1-8805-4E3E63837B9D}"
EndProject
Project("{FAE04EC0-301F-11D3-BF4B-00C04F79EFBC}") = "lib_ourMIPSSharp_Tests", "lib_ourMIPSSharp_Tests\lib_ourMIPSSharp_Tests.csproj", "{02D5EAFB-A9AB-4098-8884-6855E687D09D}"
EndProject
Global
	GlobalSection(SolutionConfigurationPlatforms) = preSolution
		Debug|Any CPU = Debug|Any CPU
		Release|Any CPU = Release|Any CPU
	EndGlobalSection
	GlobalSection(ProjectConfigurationPlatforms) = postSolution
		{D508FF15-3738-4B89-A044-7A8C967DE9CE}.Debug|Any CPU.ActiveCfg = Debug|Any CPU
		{D508FF15-3738-4B89-A044-7A8C967DE9CE}.Debug|Any CPU.Build.0 = Debug|Any CPU
		{D508FF15-3738-4B89-A044-7A8C967DE9CE}.Release|Any CPU.ActiveCfg = Release|Any CPU
		{D508FF15-3738-4B89-A044-7A8C967DE9CE}.Release|Any CPU.Build.0 = Release|Any CPU
		{7DC9E5B1-9C72-42F7-A2EF-01250FE08D5A}.Debug|Any CPU.ActiveCfg = Debug|Any CPU
		{7DC9E5B1-9C72-42F7-A2EF-01250FE08D5A}.Debug|Any CPU.Build.0 = Debug|Any CPU
		{7DC9E5B1-9C72-42F7-A2EF-01250FE08D5A}.Debug|Any CPU.Deploy.0 = Debug|Any CPU
		{7DC9E5B1-9C72-42F7-A2EF-01250FE08D5A}.Release|Any CPU.ActiveCfg = Release|Any CPU
		{7DC9E5B1-9C72-42F7-A2EF-01250FE08D5A}.Release|Any CPU.Build.0 = Release|Any CPU
		{7DC9E5B1-9C72-42F7-A2EF-01250FE08D5A}.Release|Any CPU.Deploy.0 = Release|Any CPU
		{817BF165-E93D-4E26-8689-91D2EA2B680A}.Debug|Any CPU.ActiveCfg = Debug|Any CPU
		{817BF165-E93D-4E26-8689-91D2EA2B680A}.Debug|Any CPU.Build.0 = Debug|Any CPU
		{817BF165-E93D-4E26-8689-91D2EA2B680A}.Release|Any CPU.ActiveCfg = Release|Any CPU
		{817BF165-E93D-4E26-8689-91D2EA2B680A}.Release|Any CPU.Build.0 = Release|Any CPU
		{143946A8-75EB-4756-B269-3A9CA5417B7F}.Debug|Any CPU.ActiveCfg = Debug|Any CPU
		{143946A8-75EB-4756-B269-3A9CA5417B7F}.Debug|Any CPU.Build.0 = Debug|Any CPU
		{143946A8-75EB-4756-B269-3A9CA5417B7F}.Debug|Any CPU.Deploy.0 = Debug|Any CPU
		{143946A8-75EB-4756-B269-3A9CA5417B7F}.Release|Any CPU.ActiveCfg = Release|Any CPU
		{143946A8-75EB-4756-B269-3A9CA5417B7F}.Release|Any CPU.Build.0 = Release|Any CPU
		{143946A8-75EB-4756-B269-3A9CA5417B7F}.Release|Any CPU.Deploy.0 = Release|Any CPU
		{B08CFC64-6603-410A-8140-081D9854E88B}.Debug|Any CPU.ActiveCfg = Debug|Any CPU
		{B08CFC64-6603-410A-8140-081D9854E88B}.Debug|Any CPU.Build.0 = Debug|Any CPU
		{B08CFC64-6603-410A-8140-081D9854E88B}.Release|Any CPU.ActiveCfg = Release|Any CPU
		{B08CFC64-6603-410A-8140-081D9854E88B}.Release|Any CPU.Build.0 = Release|Any CPU
		{0B85E7C2-DD9F-4726-9A77-25CE9E9345BD}.Debug|Any CPU.ActiveCfg = Debug|Any CPU
		{0B85E7C2-DD9F-4726-9A77-25CE9E9345BD}.Debug|Any CPU.Build.0 = Debug|Any CPU
		{0B85E7C2-DD9F-4726-9A77-25CE9E9345BD}.Release|Any CPU.ActiveCfg = Release|Any CPU
		{0B85E7C2-DD9F-4726-9A77-25CE9E9345BD}.Release|Any CPU.Build.0 = Release|Any CPU
		{9ED2863C-344F-4CF1-8805-4E3E63837B9D}.Debug|Any CPU.ActiveCfg = Debug|Any CPU
		{9ED2863C-344F-4CF1-8805-4E3E63837B9D}.Debug|Any CPU.Build.0 = Debug|Any CPU
		{9ED2863C-344F-4CF1-8805-4E3E63837B9D}.Release|Any CPU.ActiveCfg = Release|Any CPU
		{9ED2863C-344F-4CF1-8805-4E3E63837B9D}.Release|Any CPU.Build.0 = Release|Any CPU
		{02D5EAFB-A9AB-4098-8884-6855E687D09D}.Debug|Any CPU.ActiveCfg = Debug|Any CPU
		{02D5EAFB-A9AB-4098-8884-6855E687D09D}.Debug|Any CPU.Build.0 = Debug|Any CPU
		{02D5EAFB-A9AB-4098-8884-6855E687D09D}.Release|Any CPU.ActiveCfg = Release|Any CPU
		{02D5EAFB-A9AB-4098-8884-6855E687D09D}.Release|Any CPU.Build.0 = Release|Any CPU
	EndGlobalSection
EndGlobal
